
Microsoft Visual Studio Solution File, Format Version 12.00
# Visual Studio Version 16
VisualStudioVersion = 16.0.30204.135
MinimumVisualStudioVersion = 10.0.40219.1
Project("{9A19103F-16F7-4668-BE54-9A1E7A4F7556}") = "StarlightHotels.API", "StarlightHotels\StarlightHotels.API.csproj", "{6675893F-B814-47ED-8AB3-AC8143A9040D}"
EndProject
Project("{2150E333-8FDC-42A3-9474-1A3956D46DE8}") = "API", "API", "{4ED8439B-E922-4B60-A490-FCB7C741EC1B}"
EndProject
Project("{2150E333-8FDC-42A3-9474-1A3956D46DE8}") = "Mobile", "Mobile", "{D1E67962-6D10-4615-8297-1F63672CCE22}"
EndProject
Project("{FAE04EC0-301F-11D3-BF4B-00C04F79EFBC}") = "StarlightHotels.Mobile.UWP", "StarlightHotels.Mobile\StarlightHotels.Mobile.UWP\StarlightHotels.Mobile.UWP.csproj", "{56AF8DC5-0ECB-466D-8E9E-8B9AF75C9118}"
EndProject
Project("{FAE04EC0-301F-11D3-BF4B-00C04F79EFBC}") = "StarlightHotels.Mobile.Android", "StarlightHotels.Mobile\StarlightHotels.Mobile.Android\StarlightHotels.Mobile.Android.csproj", "{884F5D77-B2FF-4DDC-BF00-F18A329A9FC4}"
EndProject
Project("{FAE04EC0-301F-11D3-BF4B-00C04F79EFBC}") = "StarlightHotels.Mobile.iOS", "StarlightHotels.Mobile\StarlightHotels.Mobile.iOS\StarlightHotels.Mobile.iOS.csproj", "{163584D7-1C89-46EA-9C5C-CFC516C12951}"
EndProject
Project("{9A19103F-16F7-4668-BE54-9A1E7A4F7556}") = "StarlightHotels.Mobile", "StarlightHotels.Mobile\StarlightHotels.Mobile\StarlightHotels.Mobile.csproj", "{5B87C9E1-6569-4AD0-AD33-F1265A0440CB}"
EndProject
Project("{2150E333-8FDC-42A3-9474-1A3956D46DE8}") = "Web", "Web", "{45622829-8922-4367-B803-4E280B7DBE9A}"
EndProject
Project("{FAE04EC0-301F-11D3-BF4B-00C04F79EFBC}") = "StarlightHotels.Web", "StarlightHotels.Web\StarlightHotels.Web.csproj", "{BDE41ADE-AFAA-4E1F-B8EA-70ED0D5A8072}"
EndProject
Global
	GlobalSection(SolutionConfigurationPlatforms) = preSolution
		Debug|Any CPU = Debug|Any CPU
		Debug|ARM = Debug|ARM
		Debug|iPhone = Debug|iPhone
		Debug|iPhoneSimulator = Debug|iPhoneSimulator
		Debug|x64 = Debug|x64
		Debug|x86 = Debug|x86
		Release|Any CPU = Release|Any CPU
		Release|ARM = Release|ARM
		Release|iPhone = Release|iPhone
		Release|iPhoneSimulator = Release|iPhoneSimulator
		Release|x64 = Release|x64
		Release|x86 = Release|x86
	EndGlobalSection
	GlobalSection(ProjectConfigurationPlatforms) = postSolution
		{6675893F-B814-47ED-8AB3-AC8143A9040D}.Debug|Any CPU.ActiveCfg = Debug|Any CPU
		{6675893F-B814-47ED-8AB3-AC8143A9040D}.Debug|Any CPU.Build.0 = Debug|Any CPU
		{6675893F-B814-47ED-8AB3-AC8143A9040D}.Debug|ARM.ActiveCfg = Debug|Any CPU
		{6675893F-B814-47ED-8AB3-AC8143A9040D}.Debug|ARM.Build.0 = Debug|Any CPU
		{6675893F-B814-47ED-8AB3-AC8143A9040D}.Debug|iPhone.ActiveCfg = Debug|Any CPU
		{6675893F-B814-47ED-8AB3-AC8143A9040D}.Debug|iPhone.Build.0 = Debug|Any CPU
		{6675893F-B814-47ED-8AB3-AC8143A9040D}.Debug|iPhoneSimulator.ActiveCfg = Debug|Any CPU
		{6675893F-B814-47ED-8AB3-AC8143A9040D}.Debug|iPhoneSimulator.Build.0 = Debug|Any CPU
		{6675893F-B814-47ED-8AB3-AC8143A9040D}.Debug|x64.ActiveCfg = Debug|Any CPU
		{6675893F-B814-47ED-8AB3-AC8143A9040D}.Debug|x64.Build.0 = Debug|Any CPU
		{6675893F-B814-47ED-8AB3-AC8143A9040D}.Debug|x86.ActiveCfg = Debug|Any CPU
		{6675893F-B814-47ED-8AB3-AC8143A9040D}.Debug|x86.Build.0 = Debug|Any CPU
		{6675893F-B814-47ED-8AB3-AC8143A9040D}.Release|Any CPU.ActiveCfg = Release|Any CPU
		{6675893F-B814-47ED-8AB3-AC8143A9040D}.Release|Any CPU.Build.0 = Release|Any CPU
		{6675893F-B814-47ED-8AB3-AC8143A9040D}.Release|ARM.ActiveCfg = Release|Any CPU
		{6675893F-B814-47ED-8AB3-AC8143A9040D}.Release|ARM.Build.0 = Release|Any CPU
		{6675893F-B814-47ED-8AB3-AC8143A9040D}.Release|iPhone.ActiveCfg = Release|Any CPU
		{6675893F-B814-47ED-8AB3-AC8143A9040D}.Release|iPhone.Build.0 = Release|Any CPU
		{6675893F-B814-47ED-8AB3-AC8143A9040D}.Release|iPhoneSimulator.ActiveCfg = Release|Any CPU
		{6675893F-B814-47ED-8AB3-AC8143A9040D}.Release|iPhoneSimulator.Build.0 = Release|Any CPU
		{6675893F-B814-47ED-8AB3-AC8143A9040D}.Release|x64.ActiveCfg = Release|Any CPU
		{6675893F-B814-47ED-8AB3-AC8143A9040D}.Release|x64.Build.0 = Release|Any CPU
		{6675893F-B814-47ED-8AB3-AC8143A9040D}.Release|x86.ActiveCfg = Release|Any CPU
		{6675893F-B814-47ED-8AB3-AC8143A9040D}.Release|x86.Build.0 = Release|Any CPU
		{56AF8DC5-0ECB-466D-8E9E-8B9AF75C9118}.Debug|Any CPU.ActiveCfg = Debug|x86
		{56AF8DC5-0ECB-466D-8E9E-8B9AF75C9118}.Debug|ARM.ActiveCfg = Debug|ARM
		{56AF8DC5-0ECB-466D-8E9E-8B9AF75C9118}.Debug|ARM.Build.0 = Debug|ARM
		{56AF8DC5-0ECB-466D-8E9E-8B9AF75C9118}.Debug|ARM.Deploy.0 = Debug|ARM
		{56AF8DC5-0ECB-466D-8E9E-8B9AF75C9118}.Debug|iPhone.ActiveCfg = Debug|x86
		{56AF8DC5-0ECB-466D-8E9E-8B9AF75C9118}.Debug|iPhoneSimulator.ActiveCfg = Debug|x86
		{56AF8DC5-0ECB-466D-8E9E-8B9AF75C9118}.Debug|x64.ActiveCfg = Debug|x64
		{56AF8DC5-0ECB-466D-8E9E-8B9AF75C9118}.Debug|x64.Build.0 = Debug|x64
		{56AF8DC5-0ECB-466D-8E9E-8B9AF75C9118}.Debug|x64.Deploy.0 = Debug|x64
		{56AF8DC5-0ECB-466D-8E9E-8B9AF75C9118}.Debug|x86.ActiveCfg = Debug|x86
		{56AF8DC5-0ECB-466D-8E9E-8B9AF75C9118}.Debug|x86.Build.0 = Debug|x86
		{56AF8DC5-0ECB-466D-8E9E-8B9AF75C9118}.Debug|x86.Deploy.0 = Debug|x86
		{56AF8DC5-0ECB-466D-8E9E-8B9AF75C9118}.Release|Any CPU.ActiveCfg = Release|x86
		{56AF8DC5-0ECB-466D-8E9E-8B9AF75C9118}.Release|ARM.ActiveCfg = Release|ARM
		{56AF8DC5-0ECB-466D-8E9E-8B9AF75C9118}.Release|ARM.Build.0 = Release|ARM
		{56AF8DC5-0ECB-466D-8E9E-8B9AF75C9118}.Release|ARM.Deploy.0 = Release|ARM
		{56AF8DC5-0ECB-466D-8E9E-8B9AF75C9118}.Release|iPhone.ActiveCfg = Release|x86
		{56AF8DC5-0ECB-466D-8E9E-8B9AF75C9118}.Release|iPhoneSimulator.ActiveCfg = Release|x86
		{56AF8DC5-0ECB-466D-8E9E-8B9AF75C9118}.Release|x64.ActiveCfg = Release|x64
		{56AF8DC5-0ECB-466D-8E9E-8B9AF75C9118}.Release|x64.Build.0 = Release|x64
		{56AF8DC5-0ECB-466D-8E9E-8B9AF75C9118}.Release|x64.Deploy.0 = Release|x64
		{56AF8DC5-0ECB-466D-8E9E-8B9AF75C9118}.Release|x86.ActiveCfg = Release|x86
		{56AF8DC5-0ECB-466D-8E9E-8B9AF75C9118}.Release|x86.Build.0 = Release|x86
		{56AF8DC5-0ECB-466D-8E9E-8B9AF75C9118}.Release|x86.Deploy.0 = Release|x86
		{884F5D77-B2FF-4DDC-BF00-F18A329A9FC4}.Debug|Any CPU.ActiveCfg = Debug|Any CPU
		{884F5D77-B2FF-4DDC-BF00-F18A329A9FC4}.Debug|Any CPU.Build.0 = Debug|Any CPU
		{884F5D77-B2FF-4DDC-BF00-F18A329A9FC4}.Debug|Any CPU.Deploy.0 = Debug|Any CPU
		{884F5D77-B2FF-4DDC-BF00-F18A329A9FC4}.Debug|ARM.ActiveCfg = Debug|Any CPU
		{884F5D77-B2FF-4DDC-BF00-F18A329A9FC4}.Debug|ARM.Build.0 = Debug|Any CPU
		{884F5D77-B2FF-4DDC-BF00-F18A329A9FC4}.Debug|ARM.Deploy.0 = Debug|Any CPU
		{884F5D77-B2FF-4DDC-BF00-F18A329A9FC4}.Debug|iPhone.ActiveCfg = Debug|Any CPU
		{884F5D77-B2FF-4DDC-BF00-F18A329A9FC4}.Debug|iPhone.Build.0 = Debug|Any CPU
		{884F5D77-B2FF-4DDC-BF00-F18A329A9FC4}.Debug|iPhone.Deploy.0 = Debug|Any CPU
		{884F5D77-B2FF-4DDC-BF00-F18A329A9FC4}.Debug|iPhoneSimulator.ActiveCfg = Debug|Any CPU
		{884F5D77-B2FF-4DDC-BF00-F18A329A9FC4}.Debug|iPhoneSimulator.Build.0 = Debug|Any CPU
		{884F5D77-B2FF-4DDC-BF00-F18A329A9FC4}.Debug|iPhoneSimulator.Deploy.0 = Debug|Any CPU
		{884F5D77-B2FF-4DDC-BF00-F18A329A9FC4}.Debug|x64.ActiveCfg = Debug|Any CPU
		{884F5D77-B2FF-4DDC-BF00-F18A329A9FC4}.Debug|x64.Build.0 = Debug|Any CPU
		{884F5D77-B2FF-4DDC-BF00-F18A329A9FC4}.Debug|x64.Deploy.0 = Debug|Any CPU
		{884F5D77-B2FF-4DDC-BF00-F18A329A9FC4}.Debug|x86.ActiveCfg = Debug|Any CPU
		{884F5D77-B2FF-4DDC-BF00-F18A329A9FC4}.Debug|x86.Build.0 = Debug|Any CPU
		{884F5D77-B2FF-4DDC-BF00-F18A329A9FC4}.Debug|x86.Deploy.0 = Debug|Any CPU
		{884F5D77-B2FF-4DDC-BF00-F18A329A9FC4}.Release|Any CPU.ActiveCfg = Release|Any CPU
		{884F5D77-B2FF-4DDC-BF00-F18A329A9FC4}.Release|Any CPU.Build.0 = Release|Any CPU
		{884F5D77-B2FF-4DDC-BF00-F18A329A9FC4}.Release|Any CPU.Deploy.0 = Release|Any CPU
		{884F5D77-B2FF-4DDC-BF00-F18A329A9FC4}.Release|ARM.ActiveCfg = Release|Any CPU
		{884F5D77-B2FF-4DDC-BF00-F18A329A9FC4}.Release|ARM.Build.0 = Release|Any CPU
		{884F5D77-B2FF-4DDC-BF00-F18A329A9FC4}.Release|ARM.Deploy.0 = Release|Any CPU
		{884F5D77-B2FF-4DDC-BF00-F18A329A9FC4}.Release|iPhone.ActiveCfg = Release|Any CPU
		{884F5D77-B2FF-4DDC-BF00-F18A329A9FC4}.Release|iPhone.Build.0 = Release|Any CPU
		{884F5D77-B2FF-4DDC-BF00-F18A329A9FC4}.Release|iPhone.Deploy.0 = Release|Any CPU
		{884F5D77-B2FF-4DDC-BF00-F18A329A9FC4}.Release|iPhoneSimulator.ActiveCfg = Release|Any CPU
		{884F5D77-B2FF-4DDC-BF00-F18A329A9FC4}.Release|iPhoneSimulator.Build.0 = Release|Any CPU
		{884F5D77-B2FF-4DDC-BF00-F18A329A9FC4}.Release|iPhoneSimulator.Deploy.0 = Release|Any CPU
		{884F5D77-B2FF-4DDC-BF00-F18A329A9FC4}.Release|x64.ActiveCfg = Release|Any CPU
		{884F5D77-B2FF-4DDC-BF00-F18A329A9FC4}.Release|x64.Build.0 = Release|Any CPU
		{884F5D77-B2FF-4DDC-BF00-F18A329A9FC4}.Release|x64.Deploy.0 = Release|Any CPU
		{884F5D77-B2FF-4DDC-BF00-F18A329A9FC4}.Release|x86.ActiveCfg = Release|Any CPU
		{884F5D77-B2FF-4DDC-BF00-F18A329A9FC4}.Release|x86.Build.0 = Release|Any CPU
		{884F5D77-B2FF-4DDC-BF00-F18A329A9FC4}.Release|x86.Deploy.0 = Release|Any CPU
		{163584D7-1C89-46EA-9C5C-CFC516C12951}.Debug|Any CPU.ActiveCfg = Debug|iPhone
		{163584D7-1C89-46EA-9C5C-CFC516C12951}.Debug|ARM.ActiveCfg = Debug|iPhone
		{163584D7-1C89-46EA-9C5C-CFC516C12951}.Debug|iPhone.ActiveCfg = Debug|iPhone
		{163584D7-1C89-46EA-9C5C-CFC516C12951}.Debug|iPhone.Build.0 = Debug|iPhone
		{163584D7-1C89-46EA-9C5C-CFC516C12951}.Debug|iPhoneSimulator.ActiveCfg = Debug|iPhoneSimulator
		{163584D7-1C89-46EA-9C5C-CFC516C12951}.Debug|iPhoneSimulator.Build.0 = Debug|iPhoneSimulator
		{163584D7-1C89-46EA-9C5C-CFC516C12951}.Debug|x64.ActiveCfg = Debug|iPhone
		{163584D7-1C89-46EA-9C5C-CFC516C12951}.Debug|x86.ActiveCfg = Debug|iPhone
		{163584D7-1C89-46EA-9C5C-CFC516C12951}.Release|Any CPU.ActiveCfg = Release|iPhone
		{163584D7-1C89-46EA-9C5C-CFC516C12951}.Release|ARM.ActiveCfg = Release|iPhone
		{163584D7-1C89-46EA-9C5C-CFC516C12951}.Release|iPhone.ActiveCfg = Release|iPhone
		{163584D7-1C89-46EA-9C5C-CFC516C12951}.Release|iPhone.Build.0 = Release|iPhone
		{163584D7-1C89-46EA-9C5C-CFC516C12951}.Release|iPhoneSimulator.ActiveCfg = Release|iPhoneSimulator
		{163584D7-1C89-46EA-9C5C-CFC516C12951}.Release|iPhoneSimulator.Build.0 = Release|iPhoneSimulator
		{163584D7-1C89-46EA-9C5C-CFC516C12951}.Release|x64.ActiveCfg = Release|iPhone
		{163584D7-1C89-46EA-9C5C-CFC516C12951}.Release|x86.ActiveCfg = Release|iPhone
		{5B87C9E1-6569-4AD0-AD33-F1265A0440CB}.Debug|Any CPU.ActiveCfg = Debug|Any CPU
		{5B87C9E1-6569-4AD0-AD33-F1265A0440CB}.Debug|Any CPU.Build.0 = Debug|Any CPU
		{5B87C9E1-6569-4AD0-AD33-F1265A0440CB}.Debug|ARM.ActiveCfg = Debug|Any CPU
		{5B87C9E1-6569-4AD0-AD33-F1265A0440CB}.Debug|ARM.Build.0 = Debug|Any CPU
		{5B87C9E1-6569-4AD0-AD33-F1265A0440CB}.Debug|iPhone.ActiveCfg = Debug|Any CPU
		{5B87C9E1-6569-4AD0-AD33-F1265A0440CB}.Debug|iPhone.Build.0 = Debug|Any CPU
		{5B87C9E1-6569-4AD0-AD33-F1265A0440CB}.Debug|iPhoneSimulator.ActiveCfg = Debug|Any CPU
		{5B87C9E1-6569-4AD0-AD33-F1265A0440CB}.Debug|iPhoneSimulator.Build.0 = Debug|Any CPU
		{5B87C9E1-6569-4AD0-AD33-F1265A0440CB}.Debug|x64.ActiveCfg = Debug|Any CPU
		{5B87C9E1-6569-4AD0-AD33-F1265A0440CB}.Debug|x64.Build.0 = Debug|Any CPU
		{5B87C9E1-6569-4AD0-AD33-F1265A0440CB}.Debug|x86.ActiveCfg = Debug|Any CPU
		{5B87C9E1-6569-4AD0-AD33-F1265A0440CB}.Debug|x86.Build.0 = Debug|Any CPU
		{5B87C9E1-6569-4AD0-AD33-F1265A0440CB}.Release|Any CPU.ActiveCfg = Release|Any CPU
		{5B87C9E1-6569-4AD0-AD33-F1265A0440CB}.Release|Any CPU.Build.0 = Release|Any CPU
		{5B87C9E1-6569-4AD0-AD33-F1265A0440CB}.Release|ARM.ActiveCfg = Release|Any CPU
		{5B87C9E1-6569-4AD0-AD33-F1265A0440CB}.Release|ARM.Build.0 = Release|Any CPU
		{5B87C9E1-6569-4AD0-AD33-F1265A0440CB}.Release|iPhone.ActiveCfg = Release|Any CPU
		{5B87C9E1-6569-4AD0-AD33-F1265A0440CB}.Release|iPhone.Build.0 = Release|Any CPU
		{5B87C9E1-6569-4AD0-AD33-F1265A0440CB}.Release|iPhoneSimulator.ActiveCfg = Release|Any CPU
		{5B87C9E1-6569-4AD0-AD33-F1265A0440CB}.Release|iPhoneSimulator.Build.0 = Release|Any CPU
		{5B87C9E1-6569-4AD0-AD33-F1265A0440CB}.Release|x64.ActiveCfg = Release|Any CPU
		{5B87C9E1-6569-4AD0-AD33-F1265A0440CB}.Release|x64.Build.0 = Release|Any CPU
		{5B87C9E1-6569-4AD0-AD33-F1265A0440CB}.Release|x86.ActiveCfg = Release|Any CPU
		{5B87C9E1-6569-4AD0-AD33-F1265A0440CB}.Release|x86.Build.0 = Release|Any CPU
		{BDE41ADE-AFAA-4E1F-B8EA-70ED0D5A8072}.Debug|Any CPU.ActiveCfg = Debug|Any CPU
		{BDE41ADE-AFAA-4E1F-B8EA-70ED0D5A8072}.Debug|Any CPU.Build.0 = Debug|Any CPU
		{BDE41ADE-AFAA-4E1F-B8EA-70ED0D5A8072}.Debug|ARM.ActiveCfg = Debug|Any CPU
		{BDE41ADE-AFAA-4E1F-B8EA-70ED0D5A8072}.Debug|ARM.Build.0 = Debug|Any CPU
		{BDE41ADE-AFAA-4E1F-B8EA-70ED0D5A8072}.Debug|iPhone.ActiveCfg = Debug|Any CPU
		{BDE41ADE-AFAA-4E1F-B8EA-70ED0D5A8072}.Debug|iPhone.Build.0 = Debug|Any CPU
		{BDE41ADE-AFAA-4E1F-B8EA-70ED0D5A8072}.Debug|iPhoneSimulator.ActiveCfg = Debug|Any CPU
		{BDE41ADE-AFAA-4E1F-B8EA-70ED0D5A8072}.Debug|iPhoneSimulator.Build.0 = Debug|Any CPU
		{BDE41ADE-AFAA-4E1F-B8EA-70ED0D5A8072}.Debug|x64.ActiveCfg = Debug|Any CPU
		{BDE41ADE-AFAA-4E1F-B8EA-70ED0D5A8072}.Debug|x64.Build.0 = Debug|Any CPU
		{BDE41ADE-AFAA-4E1F-B8EA-70ED0D5A8072}.Debug|x86.ActiveCfg = Debug|Any CPU
		{BDE41ADE-AFAA-4E1F-B8EA-70ED0D5A8072}.Debug|x86.Build.0 = Debug|Any CPU
		{BDE41ADE-AFAA-4E1F-B8EA-70ED0D5A8072}.Release|Any CPU.ActiveCfg = Release|Any CPU
		{BDE41ADE-AFAA-4E1F-B8EA-70ED0D5A8072}.Release|Any CPU.Build.0 = Release|Any CPU
		{BDE41ADE-AFAA-4E1F-B8EA-70ED0D5A8072}.Release|ARM.ActiveCfg = Release|Any CPU
		{BDE41ADE-AFAA-4E1F-B8EA-70ED0D5A8072}.Release|ARM.Build.0 = Release|Any CPU
		{BDE41ADE-AFAA-4E1F-B8EA-70ED0D5A8072}.Release|iPhone.ActiveCfg = Release|Any CPU
		{BDE41ADE-AFAA-4E1F-B8EA-70ED0D5A8072}.Release|iPhone.Build.0 = Release|Any CPU
		{BDE41ADE-AFAA-4E1F-B8EA-70ED0D5A8072}.Release|iPhoneSimulator.ActiveCfg = Release|Any CPU
		{BDE41ADE-AFAA-4E1F-B8EA-70ED0D5A8072}.Release|iPhoneSimulator.Build.0 = Release|Any CPU
		{BDE41ADE-AFAA-4E1F-B8EA-70ED0D5A8072}.Release|x64.ActiveCfg = Release|Any CPU
		{BDE41ADE-AFAA-4E1F-B8EA-70ED0D5A8072}.Release|x64.Build.0 = Release|Any CPU
		{BDE41ADE-AFAA-4E1F-B8EA-70ED0D5A8072}.Release|x86.ActiveCfg = Release|Any CPU
		{BDE41ADE-AFAA-4E1F-B8EA-70ED0D5A8072}.Release|x86.Build.0 = Release|Any CPU
	EndGlobalSection
	GlobalSection(SolutionProperties) = preSolution
		HideSolutionNode = FALSE
	EndGlobalSection
	GlobalSection(NestedProjects) = preSolution
		{6675893F-B814-47ED-8AB3-AC8143A9040D} = {4ED8439B-E922-4B60-A490-FCB7C741EC1B}
		{56AF8DC5-0ECB-466D-8E9E-8B9AF75C9118} = {D1E67962-6D10-4615-8297-1F63672CCE22}
		{884F5D77-B2FF-4DDC-BF00-F18A329A9FC4} = {D1E67962-6D10-4615-8297-1F63672CCE22}
		{163584D7-1C89-46EA-9C5C-CFC516C12951} = {D1E67962-6D10-4615-8297-1F63672CCE22}
		{5B87C9E1-6569-4AD0-AD33-F1265A0440CB} = {D1E67962-6D10-4615-8297-1F63672CCE22}
		{BDE41ADE-AFAA-4E1F-B8EA-70ED0D5A8072} = {45622829-8922-4367-B803-4E280B7DBE9A}
	EndGlobalSection
	GlobalSection(ExtensibilityGlobals) = postSolution
		SolutionGuid = {5B031109-03D5-4D65-AFC1-F6AAFD8F7A32}
	EndGlobalSection
EndGlobal
