
Microsoft Visual Studio Solution File, Format Version 12.00
# Visual Studio Version 16
VisualStudioVersion = 16.0.30204.135
MinimumVisualStudioVersion = 10.0.40219.1
Project("{9A19103F-16F7-4668-BE54-9A1E7A4F7556}") = "StarlightHotels.API", "StarlightHotels\StarlightHotels.API.csproj", "{6675893F-B814-47ED-8AB3-AC8143A9040D}"
EndProject
Project("{2150E333-8FDC-42A3-9474-1A3956D46DE8}") = "API", "API", "{4ED8439B-E922-4B60-A490-FCB7C741EC1B}"
EndProject
Project("{2150E333-8FDC-42A3-9474-1A3956D46DE8}") = "Web", "Web", "{45622829-8922-4367-B803-4E280B7DBE9A}"
EndProject
Project("{9A19103F-16F7-4668-BE54-9A1E7A4F7556}") = "StarlightHotels.Web", "StarlightHotels.Web\StarlightHotels.Web.csproj", "{BDE41ADE-AFAA-4E1F-B8EA-70ED0D5A8072}"
EndProject
Project("{2150E333-8FDC-42A3-9474-1A3956D46DE8}") = "Utilities", "Utilities", "{606E46BC-F896-487E-9307-F3D91E225530}"
EndProject
Project("{9A19103F-16F7-4668-BE54-9A1E7A4F7556}") = "StarlightHotels.Utilities", "StarlightHotels.Utilities\StarlightHotels.Utilities.csproj", "{BC6E2D92-6F2E-4727-A76F-8513A84CED49}"
EndProject
Project("{2150E333-8FDC-42A3-9474-1A3956D46DE8}") = "Entities", "Entities", "{A9B1B7D6-FAB5-4D89-9C8E-935EDEFAB817}"
EndProject
Project("{9A19103F-16F7-4668-BE54-9A1E7A4F7556}") = "StarlightHotels.Models", "StarlightHotels.Data\StarlightHotels.Models.csproj", "{01B51B0B-6BCE-495B-821B-ABA9C91D2648}"
EndProject
Project("{9A19103F-16F7-4668-BE54-9A1E7A4F7556}") = "StarlightHotels.DAL", "StarlightHotels.DAL\StarlightHotels.DAL.csproj", "{3AD6AC96-784E-444D-A01B-7E52C27775F4}"
EndProject
Global
	GlobalSection(SolutionConfigurationPlatforms) = preSolution
		Debug|Any CPU = Debug|Any CPU
		Debug|ARM = Debug|ARM
		Debug|iPhone = Debug|iPhone
		Debug|iPhoneSimulator = Debug|iPhoneSimulator
		Debug|x64 = Debug|x64
		Debug|x86 = Debug|x86
		Release|Any CPU = Release|Any CPU
		Release|ARM = Release|ARM
		Release|iPhone = Release|iPhone
		Release|iPhoneSimulator = Release|iPhoneSimulator
		Release|x64 = Release|x64
		Release|x86 = Release|x86
	EndGlobalSection
	GlobalSection(ProjectConfigurationPlatforms) = postSolution
		{6675893F-B814-47ED-8AB3-AC8143A9040D}.Debug|Any CPU.ActiveCfg = Debug|Any CPU
		{6675893F-B814-47ED-8AB3-AC8143A9040D}.Debug|Any CPU.Build.0 = Debug|Any CPU
		{6675893F-B814-47ED-8AB3-AC8143A9040D}.Debug|ARM.ActiveCfg = Debug|Any CPU
		{6675893F-B814-47ED-8AB3-AC8143A9040D}.Debug|ARM.Build.0 = Debug|Any CPU
		{6675893F-B814-47ED-8AB3-AC8143A9040D}.Debug|iPhone.ActiveCfg = Debug|Any CPU
		{6675893F-B814-47ED-8AB3-AC8143A9040D}.Debug|iPhone.Build.0 = Debug|Any CPU
		{6675893F-B814-47ED-8AB3-AC8143A9040D}.Debug|iPhoneSimulator.ActiveCfg = Debug|Any CPU
		{6675893F-B814-47ED-8AB3-AC8143A9040D}.Debug|iPhoneSimulator.Build.0 = Debug|Any CPU
		{6675893F-B814-47ED-8AB3-AC8143A9040D}.Debug|x64.ActiveCfg = Debug|Any CPU
		{6675893F-B814-47ED-8AB3-AC8143A9040D}.Debug|x64.Build.0 = Debug|Any CPU
		{6675893F-B814-47ED-8AB3-AC8143A9040D}.Debug|x86.ActiveCfg = Debug|Any CPU
		{6675893F-B814-47ED-8AB3-AC8143A9040D}.Debug|x86.Build.0 = Debug|Any CPU
		{6675893F-B814-47ED-8AB3-AC8143A9040D}.Release|Any CPU.ActiveCfg = Release|Any CPU
		{6675893F-B814-47ED-8AB3-AC8143A9040D}.Release|Any CPU.Build.0 = Release|Any CPU
		{6675893F-B814-47ED-8AB3-AC8143A9040D}.Release|ARM.ActiveCfg = Release|Any CPU
		{6675893F-B814-47ED-8AB3-AC8143A9040D}.Release|ARM.Build.0 = Release|Any CPU
		{6675893F-B814-47ED-8AB3-AC8143A9040D}.Release|iPhone.ActiveCfg = Release|Any CPU
		{6675893F-B814-47ED-8AB3-AC8143A9040D}.Release|iPhone.Build.0 = Release|Any CPU
		{6675893F-B814-47ED-8AB3-AC8143A9040D}.Release|iPhoneSimulator.ActiveCfg = Release|Any CPU
		{6675893F-B814-47ED-8AB3-AC8143A9040D}.Release|iPhoneSimulator.Build.0 = Release|Any CPU
		{6675893F-B814-47ED-8AB3-AC8143A9040D}.Release|x64.ActiveCfg = Release|Any CPU
		{6675893F-B814-47ED-8AB3-AC8143A9040D}.Release|x64.Build.0 = Release|Any CPU
		{6675893F-B814-47ED-8AB3-AC8143A9040D}.Release|x86.ActiveCfg = Release|Any CPU
		{6675893F-B814-47ED-8AB3-AC8143A9040D}.Release|x86.Build.0 = Release|Any CPU
		{BDE41ADE-AFAA-4E1F-B8EA-70ED0D5A8072}.Debug|Any CPU.ActiveCfg = Debug|Any CPU
		{BDE41ADE-AFAA-4E1F-B8EA-70ED0D5A8072}.Debug|Any CPU.Build.0 = Debug|Any CPU
		{BDE41ADE-AFAA-4E1F-B8EA-70ED0D5A8072}.Debug|ARM.ActiveCfg = Debug|Any CPU
		{BDE41ADE-AFAA-4E1F-B8EA-70ED0D5A8072}.Debug|ARM.Build.0 = Debug|Any CPU
		{BDE41ADE-AFAA-4E1F-B8EA-70ED0D5A8072}.Debug|iPhone.ActiveCfg = Debug|Any CPU
		{BDE41ADE-AFAA-4E1F-B8EA-70ED0D5A8072}.Debug|iPhone.Build.0 = Debug|Any CPU
		{BDE41ADE-AFAA-4E1F-B8EA-70ED0D5A8072}.Debug|iPhoneSimulator.ActiveCfg = Debug|Any CPU
		{BDE41ADE-AFAA-4E1F-B8EA-70ED0D5A8072}.Debug|iPhoneSimulator.Build.0 = Debug|Any CPU
		{BDE41ADE-AFAA-4E1F-B8EA-70ED0D5A8072}.Debug|x64.ActiveCfg = Debug|Any CPU
		{BDE41ADE-AFAA-4E1F-B8EA-70ED0D5A8072}.Debug|x64.Build.0 = Debug|Any CPU
		{BDE41ADE-AFAA-4E1F-B8EA-70ED0D5A8072}.Debug|x86.ActiveCfg = Debug|Any CPU
		{BDE41ADE-AFAA-4E1F-B8EA-70ED0D5A8072}.Debug|x86.Build.0 = Debug|Any CPU
		{BDE41ADE-AFAA-4E1F-B8EA-70ED0D5A8072}.Release|Any CPU.ActiveCfg = Release|Any CPU
		{BDE41ADE-AFAA-4E1F-B8EA-70ED0D5A8072}.Release|Any CPU.Build.0 = Release|Any CPU
		{BDE41ADE-AFAA-4E1F-B8EA-70ED0D5A8072}.Release|ARM.ActiveCfg = Release|Any CPU
		{BDE41ADE-AFAA-4E1F-B8EA-70ED0D5A8072}.Release|ARM.Build.0 = Release|Any CPU
		{BDE41ADE-AFAA-4E1F-B8EA-70ED0D5A8072}.Release|iPhone.ActiveCfg = Release|Any CPU
		{BDE41ADE-AFAA-4E1F-B8EA-70ED0D5A8072}.Release|iPhone.Build.0 = Release|Any CPU
		{BDE41ADE-AFAA-4E1F-B8EA-70ED0D5A8072}.Release|iPhoneSimulator.ActiveCfg = Release|Any CPU
		{BDE41ADE-AFAA-4E1F-B8EA-70ED0D5A8072}.Release|iPhoneSimulator.Build.0 = Release|Any CPU
		{BDE41ADE-AFAA-4E1F-B8EA-70ED0D5A8072}.Release|x64.ActiveCfg = Release|Any CPU
		{BDE41ADE-AFAA-4E1F-B8EA-70ED0D5A8072}.Release|x64.Build.0 = Release|Any CPU
		{BDE41ADE-AFAA-4E1F-B8EA-70ED0D5A8072}.Release|x86.ActiveCfg = Release|Any CPU
		{BDE41ADE-AFAA-4E1F-B8EA-70ED0D5A8072}.Release|x86.Build.0 = Release|Any CPU
		{BC6E2D92-6F2E-4727-A76F-8513A84CED49}.Debug|Any CPU.ActiveCfg = Debug|Any CPU
		{BC6E2D92-6F2E-4727-A76F-8513A84CED49}.Debug|Any CPU.Build.0 = Debug|Any CPU
		{BC6E2D92-6F2E-4727-A76F-8513A84CED49}.Debug|ARM.ActiveCfg = Debug|Any CPU
		{BC6E2D92-6F2E-4727-A76F-8513A84CED49}.Debug|ARM.Build.0 = Debug|Any CPU
		{BC6E2D92-6F2E-4727-A76F-8513A84CED49}.Debug|iPhone.ActiveCfg = Debug|Any CPU
		{BC6E2D92-6F2E-4727-A76F-8513A84CED49}.Debug|iPhone.Build.0 = Debug|Any CPU
		{BC6E2D92-6F2E-4727-A76F-8513A84CED49}.Debug|iPhoneSimulator.ActiveCfg = Debug|Any CPU
		{BC6E2D92-6F2E-4727-A76F-8513A84CED49}.Debug|iPhoneSimulator.Build.0 = Debug|Any CPU
		{BC6E2D92-6F2E-4727-A76F-8513A84CED49}.Debug|x64.ActiveCfg = Debug|Any CPU
		{BC6E2D92-6F2E-4727-A76F-8513A84CED49}.Debug|x64.Build.0 = Debug|Any CPU
		{BC6E2D92-6F2E-4727-A76F-8513A84CED49}.Debug|x86.ActiveCfg = Debug|Any CPU
		{BC6E2D92-6F2E-4727-A76F-8513A84CED49}.Debug|x86.Build.0 = Debug|Any CPU
		{BC6E2D92-6F2E-4727-A76F-8513A84CED49}.Release|Any CPU.ActiveCfg = Release|Any CPU
		{BC6E2D92-6F2E-4727-A76F-8513A84CED49}.Release|Any CPU.Build.0 = Release|Any CPU
		{BC6E2D92-6F2E-4727-A76F-8513A84CED49}.Release|ARM.ActiveCfg = Release|Any CPU
		{BC6E2D92-6F2E-4727-A76F-8513A84CED49}.Release|ARM.Build.0 = Release|Any CPU
		{BC6E2D92-6F2E-4727-A76F-8513A84CED49}.Release|iPhone.ActiveCfg = Release|Any CPU
		{BC6E2D92-6F2E-4727-A76F-8513A84CED49}.Release|iPhone.Build.0 = Release|Any CPU
		{BC6E2D92-6F2E-4727-A76F-8513A84CED49}.Release|iPhoneSimulator.ActiveCfg = Release|Any CPU
		{BC6E2D92-6F2E-4727-A76F-8513A84CED49}.Release|iPhoneSimulator.Build.0 = Release|Any CPU
		{BC6E2D92-6F2E-4727-A76F-8513A84CED49}.Release|x64.ActiveCfg = Release|Any CPU
		{BC6E2D92-6F2E-4727-A76F-8513A84CED49}.Release|x64.Build.0 = Release|Any CPU
		{BC6E2D92-6F2E-4727-A76F-8513A84CED49}.Release|x86.ActiveCfg = Release|Any CPU
		{BC6E2D92-6F2E-4727-A76F-8513A84CED49}.Release|x86.Build.0 = Release|Any CPU
		{01B51B0B-6BCE-495B-821B-ABA9C91D2648}.Debug|Any CPU.ActiveCfg = Debug|Any CPU
		{01B51B0B-6BCE-495B-821B-ABA9C91D2648}.Debug|Any CPU.Build.0 = Debug|Any CPU
		{01B51B0B-6BCE-495B-821B-ABA9C91D2648}.Debug|ARM.ActiveCfg = Debug|Any CPU
		{01B51B0B-6BCE-495B-821B-ABA9C91D2648}.Debug|ARM.Build.0 = Debug|Any CPU
		{01B51B0B-6BCE-495B-821B-ABA9C91D2648}.Debug|iPhone.ActiveCfg = Debug|Any CPU
		{01B51B0B-6BCE-495B-821B-ABA9C91D2648}.Debug|iPhone.Build.0 = Debug|Any CPU
		{01B51B0B-6BCE-495B-821B-ABA9C91D2648}.Debug|iPhoneSimulator.ActiveCfg = Debug|Any CPU
		{01B51B0B-6BCE-495B-821B-ABA9C91D2648}.Debug|iPhoneSimulator.Build.0 = Debug|Any CPU
		{01B51B0B-6BCE-495B-821B-ABA9C91D2648}.Debug|x64.ActiveCfg = Debug|Any CPU
		{01B51B0B-6BCE-495B-821B-ABA9C91D2648}.Debug|x64.Build.0 = Debug|Any CPU
		{01B51B0B-6BCE-495B-821B-ABA9C91D2648}.Debug|x86.ActiveCfg = Debug|Any CPU
		{01B51B0B-6BCE-495B-821B-ABA9C91D2648}.Debug|x86.Build.0 = Debug|Any CPU
		{01B51B0B-6BCE-495B-821B-ABA9C91D2648}.Release|Any CPU.ActiveCfg = Release|Any CPU
		{01B51B0B-6BCE-495B-821B-ABA9C91D2648}.Release|Any CPU.Build.0 = Release|Any CPU
		{01B51B0B-6BCE-495B-821B-ABA9C91D2648}.Release|ARM.ActiveCfg = Release|Any CPU
		{01B51B0B-6BCE-495B-821B-ABA9C91D2648}.Release|ARM.Build.0 = Release|Any CPU
		{01B51B0B-6BCE-495B-821B-ABA9C91D2648}.Release|iPhone.ActiveCfg = Release|Any CPU
		{01B51B0B-6BCE-495B-821B-ABA9C91D2648}.Release|iPhone.Build.0 = Release|Any CPU
		{01B51B0B-6BCE-495B-821B-ABA9C91D2648}.Release|iPhoneSimulator.ActiveCfg = Release|Any CPU
		{01B51B0B-6BCE-495B-821B-ABA9C91D2648}.Release|iPhoneSimulator.Build.0 = Release|Any CPU
		{01B51B0B-6BCE-495B-821B-ABA9C91D2648}.Release|x64.ActiveCfg = Release|Any CPU
		{01B51B0B-6BCE-495B-821B-ABA9C91D2648}.Release|x64.Build.0 = Release|Any CPU
		{01B51B0B-6BCE-495B-821B-ABA9C91D2648}.Release|x86.ActiveCfg = Release|Any CPU
		{01B51B0B-6BCE-495B-821B-ABA9C91D2648}.Release|x86.Build.0 = Release|Any CPU
		{3AD6AC96-784E-444D-A01B-7E52C27775F4}.Debug|Any CPU.ActiveCfg = Debug|Any CPU
		{3AD6AC96-784E-444D-A01B-7E52C27775F4}.Debug|Any CPU.Build.0 = Debug|Any CPU
		{3AD6AC96-784E-444D-A01B-7E52C27775F4}.Debug|ARM.ActiveCfg = Debug|Any CPU
		{3AD6AC96-784E-444D-A01B-7E52C27775F4}.Debug|ARM.Build.0 = Debug|Any CPU
		{3AD6AC96-784E-444D-A01B-7E52C27775F4}.Debug|iPhone.ActiveCfg = Debug|Any CPU
		{3AD6AC96-784E-444D-A01B-7E52C27775F4}.Debug|iPhone.Build.0 = Debug|Any CPU
		{3AD6AC96-784E-444D-A01B-7E52C27775F4}.Debug|iPhoneSimulator.ActiveCfg = Debug|Any CPU
		{3AD6AC96-784E-444D-A01B-7E52C27775F4}.Debug|iPhoneSimulator.Build.0 = Debug|Any CPU
		{3AD6AC96-784E-444D-A01B-7E52C27775F4}.Debug|x64.ActiveCfg = Debug|Any CPU
		{3AD6AC96-784E-444D-A01B-7E52C27775F4}.Debug|x64.Build.0 = Debug|Any CPU
		{3AD6AC96-784E-444D-A01B-7E52C27775F4}.Debug|x86.ActiveCfg = Debug|Any CPU
		{3AD6AC96-784E-444D-A01B-7E52C27775F4}.Debug|x86.Build.0 = Debug|Any CPU
		{3AD6AC96-784E-444D-A01B-7E52C27775F4}.Release|Any CPU.ActiveCfg = Release|Any CPU
		{3AD6AC96-784E-444D-A01B-7E52C27775F4}.Release|Any CPU.Build.0 = Release|Any CPU
		{3AD6AC96-784E-444D-A01B-7E52C27775F4}.Release|ARM.ActiveCfg = Release|Any CPU
		{3AD6AC96-784E-444D-A01B-7E52C27775F4}.Release|ARM.Build.0 = Release|Any CPU
		{3AD6AC96-784E-444D-A01B-7E52C27775F4}.Release|iPhone.ActiveCfg = Release|Any CPU
		{3AD6AC96-784E-444D-A01B-7E52C27775F4}.Release|iPhone.Build.0 = Release|Any CPU
		{3AD6AC96-784E-444D-A01B-7E52C27775F4}.Release|iPhoneSimulator.ActiveCfg = Release|Any CPU
		{3AD6AC96-784E-444D-A01B-7E52C27775F4}.Release|iPhoneSimulator.Build.0 = Release|Any CPU
		{3AD6AC96-784E-444D-A01B-7E52C27775F4}.Release|x64.ActiveCfg = Release|Any CPU
		{3AD6AC96-784E-444D-A01B-7E52C27775F4}.Release|x64.Build.0 = Release|Any CPU
		{3AD6AC96-784E-444D-A01B-7E52C27775F4}.Release|x86.ActiveCfg = Release|Any CPU
		{3AD6AC96-784E-444D-A01B-7E52C27775F4}.Release|x86.Build.0 = Release|Any CPU
	EndGlobalSection
	GlobalSection(SolutionProperties) = preSolution
		HideSolutionNode = FALSE
	EndGlobalSection
	GlobalSection(NestedProjects) = preSolution
		{6675893F-B814-47ED-8AB3-AC8143A9040D} = {4ED8439B-E922-4B60-A490-FCB7C741EC1B}
		{BDE41ADE-AFAA-4E1F-B8EA-70ED0D5A8072} = {45622829-8922-4367-B803-4E280B7DBE9A}
		{BC6E2D92-6F2E-4727-A76F-8513A84CED49} = {606E46BC-F896-487E-9307-F3D91E225530}
		{01B51B0B-6BCE-495B-821B-ABA9C91D2648} = {A9B1B7D6-FAB5-4D89-9C8E-935EDEFAB817}
		{3AD6AC96-784E-444D-A01B-7E52C27775F4} = {A9B1B7D6-FAB5-4D89-9C8E-935EDEFAB817}
	EndGlobalSection
	GlobalSection(ExtensibilityGlobals) = postSolution
		SolutionGuid = {5B031109-03D5-4D65-AFC1-F6AAFD8F7A32}
	EndGlobalSection
EndGlobal
